
Microsoft Visual Studio Solution File, Format Version 12.00
# Visual Studio Version 16
VisualStudioVersion = 16.0.31702.278
MinimumVisualStudioVersion = 10.0.40219.1
Project("{FAE04EC0-301F-11D3-BF4B-00C04F79EFBC}") = "EmployeeApi", "EmployeeApi\EmployeeApi.csproj", "{15CB3B7B-DD5F-41A9-BABF-A5C67CD24877}"
EndProject
Project("{FAE04EC0-301F-11D3-BF4B-00C04F79EFBC}") = "Data", "Data\Data.csproj", "{66221C30-8066-4F50-A0F5-C78950435CAE}"
EndProject
Project("{FAE04EC0-301F-11D3-BF4B-00C04F79EFBC}") = "Core", "Core\Core.csproj", "{24D1F888-BE9F-4EAB-B1FE-AF027F140A4F}"
EndProject
Global
	GlobalSection(SolutionConfigurationPlatforms) = preSolution
		Debug|Any CPU = Debug|Any CPU
		Release|Any CPU = Release|Any CPU
	EndGlobalSection
	GlobalSection(ProjectConfigurationPlatforms) = postSolution
		{15CB3B7B-DD5F-41A9-BABF-A5C67CD24877}.Debug|Any CPU.ActiveCfg = Debug|Any CPU
		{15CB3B7B-DD5F-41A9-BABF-A5C67CD24877}.Debug|Any CPU.Build.0 = Debug|Any CPU
		{15CB3B7B-DD5F-41A9-BABF-A5C67CD24877}.Release|Any CPU.ActiveCfg = Release|Any CPU
		{15CB3B7B-DD5F-41A9-BABF-A5C67CD24877}.Release|Any CPU.Build.0 = Release|Any CPU
		{66221C30-8066-4F50-A0F5-C78950435CAE}.Debug|Any CPU.ActiveCfg = Debug|Any CPU
		{66221C30-8066-4F50-A0F5-C78950435CAE}.Debug|Any CPU.Build.0 = Debug|Any CPU
		{66221C30-8066-4F50-A0F5-C78950435CAE}.Release|Any CPU.ActiveCfg = Release|Any CPU
		{66221C30-8066-4F50-A0F5-C78950435CAE}.Release|Any CPU.Build.0 = Release|Any CPU
		{24D1F888-BE9F-4EAB-B1FE-AF027F140A4F}.Debug|Any CPU.ActiveCfg = Debug|Any CPU
		{24D1F888-BE9F-4EAB-B1FE-AF027F140A4F}.Debug|Any CPU.Build.0 = Debug|Any CPU
		{24D1F888-BE9F-4EAB-B1FE-AF027F140A4F}.Release|Any CPU.ActiveCfg = Release|Any CPU
		{24D1F888-BE9F-4EAB-B1FE-AF027F140A4F}.Release|Any CPU.Build.0 = Release|Any CPU
	EndGlobalSection
	GlobalSection(SolutionProperties) = preSolution
		HideSolutionNode = FALSE
	EndGlobalSection
	GlobalSection(ExtensibilityGlobals) = postSolution
		SolutionGuid = {66470A9A-16EA-4AA1-A14C-E8681C4A2977}
	EndGlobalSection
EndGlobal
